
Microsoft Visual Studio Solution File, Format Version 12.00
# Visual Studio Version 17
VisualStudioVersion = 17.9.34607.119
MinimumVisualStudioVersion = 10.0.40219.1
Project("{FAE04EC0-301F-11D3-BF4B-00C04F79EFBC}") = "LevenshteinAutomaton", "LevenshteinAutomaton\LevenshteinAutomaton.csproj", "{B16C742B-0DBF-4874-9705-F35E7F7D81FC}"
EndProject
Project("{FAE04EC0-301F-11D3-BF4B-00C04F79EFBC}") = "Traverser", "Traverser\Traverser.csproj", "{8C6425B4-FADB-4B1F-9523-51F83DF671E1}"
EndProject
Global
	GlobalSection(SolutionConfigurationPlatforms) = preSolution
		Debug|Any CPU = Debug|Any CPU
		Release|Any CPU = Release|Any CPU
	EndGlobalSection
	GlobalSection(ProjectConfigurationPlatforms) = postSolution
		{B16C742B-0DBF-4874-9705-F35E7F7D81FC}.Debug|Any CPU.ActiveCfg = Debug|Any CPU
		{B16C742B-0DBF-4874-9705-F35E7F7D81FC}.Debug|Any CPU.Build.0 = Debug|Any CPU
		{B16C742B-0DBF-4874-9705-F35E7F7D81FC}.Release|Any CPU.ActiveCfg = Release|Any CPU
		{B16C742B-0DBF-4874-9705-F35E7F7D81FC}.Release|Any CPU.Build.0 = Release|Any CPU
		{8C6425B4-FADB-4B1F-9523-51F83DF671E1}.Debug|Any CPU.ActiveCfg = Debug|Any CPU
		{8C6425B4-FADB-4B1F-9523-51F83DF671E1}.Debug|Any CPU.Build.0 = Debug|Any CPU
		{8C6425B4-FADB-4B1F-9523-51F83DF671E1}.Release|Any CPU.ActiveCfg = Release|Any CPU
		{8C6425B4-FADB-4B1F-9523-51F83DF671E1}.Release|Any CPU.Build.0 = Release|Any CPU
	EndGlobalSection
	GlobalSection(SolutionProperties) = preSolution
		HideSolutionNode = FALSE
	EndGlobalSection
	GlobalSection(ExtensibilityGlobals) = postSolution
		SolutionGuid = {48E43824-31EF-4320-9A01-0C48F2ADEDCD}
	EndGlobalSection
EndGlobal
